
Microsoft Visual Studio Solution File, Format Version 12.00
# Visual Studio 15
VisualStudioVersion = 15.0.27428.2015
MinimumVisualStudioVersion = 10.0.40219.1
Project("{FAE04EC0-301F-11D3-BF4B-00C04F79EFBC}") = "ComplexNumberProject", "WpfApp4\ComplexNumberProject.csproj", "{0960A43A-3FBF-4EEC-892A-2F25B1ABE7FE}"
EndProject
Global
	GlobalSection(SolutionConfigurationPlatforms) = preSolution
		Debug|Any CPU = Debug|Any CPU
		Release|Any CPU = Release|Any CPU
	EndGlobalSection
	GlobalSection(ProjectConfigurationPlatforms) = postSolution
		{0960A43A-3FBF-4EEC-892A-2F25B1ABE7FE}.Debug|Any CPU.ActiveCfg = Debug|Any CPU
		{0960A43A-3FBF-4EEC-892A-2F25B1ABE7FE}.Debug|Any CPU.Build.0 = Debug|Any CPU
		{0960A43A-3FBF-4EEC-892A-2F25B1ABE7FE}.Release|Any CPU.ActiveCfg = Release|Any CPU
		{0960A43A-3FBF-4EEC-892A-2F25B1ABE7FE}.Release|Any CPU.Build.0 = Release|Any CPU
	EndGlobalSection
	GlobalSection(SolutionProperties) = preSolution
		HideSolutionNode = FALSE
	EndGlobalSection
	GlobalSection(ExtensibilityGlobals) = postSolution
		SolutionGuid = {279A20E9-BAB8-495C-B5D1-C534A21375E8}
	EndGlobalSection
EndGlobal
